
Microsoft Visual Studio Solution File, Format Version 12.00
# Visual Studio 15
Project("{FAE04EC0-301F-11D3-BF4B-00C04F79EFBC}") = "Assembly-CSharp", "Assembly-CSharp.csproj", "{D5F29789-3FE6-40FE-17DE-D7D0AC9FE8B6}"
EndProject
Project("{FAE04EC0-301F-11D3-BF4B-00C04F79EFBC}") = "Assembly-CSharp-Editor", "Assembly-CSharp-Editor.csproj", "{089EFAF9-3568-D32E-49D9-C10A2FB51617}"
EndProject
Global
	GlobalSection(SolutionConfigurationPlatforms) = preSolution
		Debug|Any CPU = Debug|Any CPU
		Release|Any CPU = Release|Any CPU
	EndGlobalSection
	GlobalSection(ProjectConfigurationPlatforms) = postSolution
		{D5F29789-3FE6-40FE-17DE-D7D0AC9FE8B6}.Debug|Any CPU.ActiveCfg = Debug|Any CPU
		{D5F29789-3FE6-40FE-17DE-D7D0AC9FE8B6}.Debug|Any CPU.Build.0 = Debug|Any CPU
		{D5F29789-3FE6-40FE-17DE-D7D0AC9FE8B6}.Release|Any CPU.ActiveCfg = Release|Any CPU
		{D5F29789-3FE6-40FE-17DE-D7D0AC9FE8B6}.Release|Any CPU.Build.0 = Release|Any CPU
		{089EFAF9-3568-D32E-49D9-C10A2FB51617}.Debug|Any CPU.ActiveCfg = Debug|Any CPU
		{089EFAF9-3568-D32E-49D9-C10A2FB51617}.Debug|Any CPU.Build.0 = Debug|Any CPU
		{089EFAF9-3568-D32E-49D9-C10A2FB51617}.Release|Any CPU.ActiveCfg = Release|Any CPU
		{089EFAF9-3568-D32E-49D9-C10A2FB51617}.Release|Any CPU.Build.0 = Release|Any CPU
	EndGlobalSection
	GlobalSection(SolutionProperties) = preSolution
		HideSolutionNode = FALSE
	EndGlobalSection
EndGlobal
